// !$*UTF8*$!
{
	archiveVersion = 1;
	classes = {
	};
	objectVersion = 55;
	objects = {

/* Begin PBXBuildFile section */
		C00709062852B71A0040D083 /* SkeletonViewModel.swift in Sources */ = {isa = PBXBuildFile; fileRef = C00709052852B71A0040D083 /* SkeletonViewModel.swift */; };
		C007090A2852B9250040D083 /* View+Extensions.swift in Sources */ = {isa = PBXBuildFile; fileRef = C00709092852B9250040D083 /* View+Extensions.swift */; };
		C007090D2852B9650040D083 /* ViewDidLoadModifier.swift in Sources */ = {isa = PBXBuildFile; fileRef = C007090C2852B9650040D083 /* ViewDidLoadModifier.swift */; };
		C007090F2852C7070040D083 /* UIColor+Extensions.swift in Sources */ = {isa = PBXBuildFile; fileRef = C007090E2852C7070040D083 /* UIColor+Extensions.swift */; };
		C00B1F5C28171E2900949186 /* Localazy in Frameworks */ = {isa = PBXBuildFile; productRef = C00B1F5B28171E2900949186 /* Localazy */; };
		C00B1F65281790E800949186 /* Applanga in Frameworks */ = {isa = PBXBuildFile; productRef = C00B1F64281790E800949186 /* Applanga */; };
		C00B1F672817916A00949186 /* applanga_settings.applanga in Resources */ = {isa = PBXBuildFile; fileRef = C00B1F662817916A00949186 /* applanga_settings.applanga */; };
		C00B1F68281793BE00949186 /* Localizable.strings in Resources */ = {isa = PBXBuildFile; fileRef = C00B1F6A281793BE00949186 /* Localizable.strings */; };
		C00B20DD2852ACDE006E3DC6 /* OptionsView.swift in Sources */ = {isa = PBXBuildFile; fileRef = C00B20DC2852ACDE006E3DC6 /* OptionsView.swift */; };
		C05B61C62810A34A00EBFDBE /* SUITestingProjectApp.swift in Sources */ = {isa = PBXBuildFile; fileRef = C05B61C52810A34A00EBFDBE /* SUITestingProjectApp.swift */; };
		C05B61C82810A34A00EBFDBE /* ContentView.swift in Sources */ = {isa = PBXBuildFile; fileRef = C05B61C72810A34A00EBFDBE /* ContentView.swift */; };
		C05B61CA2810A34E00EBFDBE /* Assets.xcassets in Resources */ = {isa = PBXBuildFile; fileRef = C05B61C92810A34E00EBFDBE /* Assets.xcassets */; };
		C05B61CD2810A34E00EBFDBE /* Preview Assets.xcassets in Resources */ = {isa = PBXBuildFile; fileRef = C05B61CC2810A34E00EBFDBE /* Preview Assets.xcassets */; };
		C05B61D52810A80C00EBFDBE /* CombineForms in Frameworks */ = {isa = PBXBuildFile; productRef = C05B61D42810A80C00EBFDBE /* CombineForms */; };
		C0A30A282813000700F7AC19 /* MMMaskedConfiguration.swift in Sources */ = {isa = PBXBuildFile; fileRef = C0A30A272813000700F7AC19 /* MMMaskedConfiguration.swift */; };
		C0A30A2A2813111300F7AC19 /* MMTextField.swift in Sources */ = {isa = PBXBuildFile; fileRef = C0A30A292813111300F7AC19 /* MMTextField.swift */; };
		C0BC36FC28510C190003D558 /* SkeletonView.swift in Sources */ = {isa = PBXBuildFile; fileRef = C0BC36FB28510C190003D558 /* SkeletonView.swift */; };
		C0C417A02811F48C00929CC4 /* RegistrationViewModel.swift in Sources */ = {isa = PBXBuildFile; fileRef = C0C4179F2811F48C00929CC4 /* RegistrationViewModel.swift */; };
		C0C417A22812038B00929CC4 /* MMEmailRule.swift in Sources */ = {isa = PBXBuildFile; fileRef = C0C417A12812038B00929CC4 /* MMEmailRule.swift */; };
		C0C417A72812072D00929CC4 /* MMEmailFieldConfiguration.swift in Sources */ = {isa = PBXBuildFile; fileRef = C0C417A62812072D00929CC4 /* MMEmailFieldConfiguration.swift */; };
		C0C417A92812100600929CC4 /* MMPhoneConfiguration.swift in Sources */ = {isa = PBXBuildFile; fileRef = C0C417A82812100600929CC4 /* MMPhoneConfiguration.swift */; };
		C0C417AB2812103600929CC4 /* MMPhoneNumberRule.swift in Sources */ = {isa = PBXBuildFile; fileRef = C0C417AA2812103600929CC4 /* MMPhoneNumberRule.swift */; };
		C0C417AE28122E4500929CC4 /* MMMaskedTextField.swift in Sources */ = {isa = PBXBuildFile; fileRef = C0C417AD28122E4500929CC4 /* MMMaskedTextField.swift */; };
		C0C417B0281231CE00929CC4 /* MMCustomPhoneTextField.swift in Sources */ = {isa = PBXBuildFile; fileRef = C0C417AF281231CE00929CC4 /* MMCustomPhoneTextField.swift */; };
		C0DDB2852818C83B00723827 /* TextFormatter.swift in Sources */ = {isa = PBXBuildFile; fileRef = C0DDB2842818C83B00723827 /* TextFormatter.swift */; };
		C0DDB2872818C9E500723827 /* TextInputFormatter.swift in Sources */ = {isa = PBXBuildFile; fileRef = C0DDB2862818C9E500723827 /* TextInputFormatter.swift */; };
		C0DDB2892818CA4900723827 /* CaretPositionCorrector.swift in Sources */ = {isa = PBXBuildFile; fileRef = C0DDB2882818CA4900723827 /* CaretPositionCorrector.swift */; };
		C0DDB28B2818CAF300723827 /* RangeCalculator.swift in Sources */ = {isa = PBXBuildFile; fileRef = C0DDB28A2818CAF300723827 /* RangeCalculator.swift */; };
		C0DDB28D2818CC6100723827 /* FormattedText.swift in Sources */ = {isa = PBXBuildFile; fileRef = C0DDB28C2818CC6100723827 /* FormattedText.swift */; };
		C0EEE05B2852C9BB007B0FAF /* CardDetailsView.swift in Sources */ = {isa = PBXBuildFile; fileRef = C0EEE05A2852C9BB007B0FAF /* CardDetailsView.swift */; };
		C0FC19BD28500AE1004CF047 /* MatchedView.swift in Sources */ = {isa = PBXBuildFile; fileRef = C0FC19BC28500AE1004CF047 /* MatchedView.swift */; };
		C0FC19BF28500F91004CF047 /* CourseItem.swift in Sources */ = {isa = PBXBuildFile; fileRef = C0FC19BE28500F91004CF047 /* CourseItem.swift */; };
		C0FC19C12850105A004CF047 /* DetailView.swift in Sources */ = {isa = PBXBuildFile; fileRef = C0FC19C02850105A004CF047 /* DetailView.swift */; };
		C0FC19C32850199A004CF047 /* HomeView.swift in Sources */ = {isa = PBXBuildFile; fileRef = C0FC19C22850199A004CF047 /* HomeView.swift */; };
/* End PBXBuildFile section */

/* Begin PBXFileReference section */
		C00709052852B71A0040D083 /* SkeletonViewModel.swift */ = {isa = PBXFileReference; lastKnownFileType = sourcecode.swift; path = SkeletonViewModel.swift; sourceTree = "<group>"; };
		C00709092852B9250040D083 /* View+Extensions.swift */ = {isa = PBXFileReference; lastKnownFileType = sourcecode.swift; path = "View+Extensions.swift"; sourceTree = "<group>"; };
		C007090C2852B9650040D083 /* ViewDidLoadModifier.swift */ = {isa = PBXFileReference; lastKnownFileType = sourcecode.swift; path = ViewDidLoadModifier.swift; sourceTree = "<group>"; };
		C007090E2852C7070040D083 /* UIColor+Extensions.swift */ = {isa = PBXFileReference; lastKnownFileType = sourcecode.swift; path = "UIColor+Extensions.swift"; sourceTree = "<group>"; };
		C00B1F662817916A00949186 /* applanga_settings.applanga */ = {isa = PBXFileReference; lastKnownFileType = file; path = applanga_settings.applanga; sourceTree = "<group>"; };
		C00B1F69281793BE00949186 /* en */ = {isa = PBXFileReference; lastKnownFileType = text.plist.strings; name = en; path = en.lproj/Localizable.strings; sourceTree = "<group>"; };
		C00B1F6B2817940E00949186 /* es-SV */ = {isa = PBXFileReference; lastKnownFileType = text.plist.strings; name = "es-SV"; path = "es-SV.lproj/Localizable.strings"; sourceTree = "<group>"; };
		C00B1F6C2817943F00949186 /* es-GT */ = {isa = PBXFileReference; lastKnownFileType = text.plist.strings; name = "es-GT"; path = "es-GT.lproj/Localizable.strings"; sourceTree = "<group>"; };
		C00B1F6D2817945300949186 /* es-CR */ = {isa = PBXFileReference; lastKnownFileType = text.plist.strings; name = "es-CR"; path = "es-CR.lproj/Localizable.strings"; sourceTree = "<group>"; };
		C00B20DC2852ACDE006E3DC6 /* OptionsView.swift */ = {isa = PBXFileReference; lastKnownFileType = sourcecode.swift; path = OptionsView.swift; sourceTree = "<group>"; };
		C05B61C22810A34A00EBFDBE /* SUITestingProject.app */ = {isa = PBXFileReference; explicitFileType = wrapper.application; includeInIndex = 0; path = SUITestingProject.app; sourceTree = BUILT_PRODUCTS_DIR; };
		C05B61C52810A34A00EBFDBE /* SUITestingProjectApp.swift */ = {isa = PBXFileReference; lastKnownFileType = sourcecode.swift; path = SUITestingProjectApp.swift; sourceTree = "<group>"; };
		C05B61C72810A34A00EBFDBE /* ContentView.swift */ = {isa = PBXFileReference; lastKnownFileType = sourcecode.swift; path = ContentView.swift; sourceTree = "<group>"; };
		C05B61C92810A34E00EBFDBE /* Assets.xcassets */ = {isa = PBXFileReference; lastKnownFileType = folder.assetcatalog; path = Assets.xcassets; sourceTree = "<group>"; };
		C05B61CC2810A34E00EBFDBE /* Preview Assets.xcassets */ = {isa = PBXFileReference; lastKnownFileType = folder.assetcatalog; path = "Preview Assets.xcassets"; sourceTree = "<group>"; };
		C0A30A272813000700F7AC19 /* MMMaskedConfiguration.swift */ = {isa = PBXFileReference; lastKnownFileType = sourcecode.swift; path = MMMaskedConfiguration.swift; sourceTree = "<group>"; };
		C0A30A292813111300F7AC19 /* MMTextField.swift */ = {isa = PBXFileReference; lastKnownFileType = sourcecode.swift; path = MMTextField.swift; sourceTree = "<group>"; };
		C0BC36FB28510C190003D558 /* SkeletonView.swift */ = {isa = PBXFileReference; lastKnownFileType = sourcecode.swift; path = SkeletonView.swift; sourceTree = "<group>"; };
		C0C4179F2811F48C00929CC4 /* RegistrationViewModel.swift */ = {isa = PBXFileReference; lastKnownFileType = sourcecode.swift; path = RegistrationViewModel.swift; sourceTree = "<group>"; };
		C0C417A12812038B00929CC4 /* MMEmailRule.swift */ = {isa = PBXFileReference; lastKnownFileType = sourcecode.swift; path = MMEmailRule.swift; sourceTree = "<group>"; };
		C0C417A62812072D00929CC4 /* MMEmailFieldConfiguration.swift */ = {isa = PBXFileReference; lastKnownFileType = sourcecode.swift; path = MMEmailFieldConfiguration.swift; sourceTree = "<group>"; };
		C0C417A82812100600929CC4 /* MMPhoneConfiguration.swift */ = {isa = PBXFileReference; lastKnownFileType = sourcecode.swift; path = MMPhoneConfiguration.swift; sourceTree = "<group>"; };
		C0C417AA2812103600929CC4 /* MMPhoneNumberRule.swift */ = {isa = PBXFileReference; lastKnownFileType = sourcecode.swift; path = MMPhoneNumberRule.swift; sourceTree = "<group>"; };
		C0C417AD28122E4500929CC4 /* MMMaskedTextField.swift */ = {isa = PBXFileReference; lastKnownFileType = sourcecode.swift; path = MMMaskedTextField.swift; sourceTree = "<group>"; };
		C0C417AF281231CE00929CC4 /* MMCustomPhoneTextField.swift */ = {isa = PBXFileReference; lastKnownFileType = sourcecode.swift; path = MMCustomPhoneTextField.swift; sourceTree = "<group>"; };
		C0DDB2842818C83B00723827 /* TextFormatter.swift */ = {isa = PBXFileReference; lastKnownFileType = sourcecode.swift; path = TextFormatter.swift; sourceTree = "<group>"; };
		C0DDB2862818C9E500723827 /* TextInputFormatter.swift */ = {isa = PBXFileReference; lastKnownFileType = sourcecode.swift; path = TextInputFormatter.swift; sourceTree = "<group>"; };
		C0DDB2882818CA4900723827 /* CaretPositionCorrector.swift */ = {isa = PBXFileReference; lastKnownFileType = sourcecode.swift; path = CaretPositionCorrector.swift; sourceTree = "<group>"; };
		C0DDB28A2818CAF300723827 /* RangeCalculator.swift */ = {isa = PBXFileReference; lastKnownFileType = sourcecode.swift; path = RangeCalculator.swift; sourceTree = "<group>"; };
		C0DDB28C2818CC6100723827 /* FormattedText.swift */ = {isa = PBXFileReference; lastKnownFileType = sourcecode.swift; path = FormattedText.swift; sourceTree = "<group>"; };
		C0EEE05A2852C9BB007B0FAF /* CardDetailsView.swift */ = {isa = PBXFileReference; lastKnownFileType = sourcecode.swift; path = CardDetailsView.swift; sourceTree = "<group>"; };
		C0FC19BC28500AE1004CF047 /* MatchedView.swift */ = {isa = PBXFileReference; lastKnownFileType = sourcecode.swift; path = MatchedView.swift; sourceTree = "<group>"; };
		C0FC19BE28500F91004CF047 /* CourseItem.swift */ = {isa = PBXFileReference; lastKnownFileType = sourcecode.swift; path = CourseItem.swift; sourceTree = "<group>"; };
		C0FC19C02850105A004CF047 /* DetailView.swift */ = {isa = PBXFileReference; lastKnownFileType = sourcecode.swift; path = DetailView.swift; sourceTree = "<group>"; };
		C0FC19C22850199A004CF047 /* HomeView.swift */ = {isa = PBXFileReference; lastKnownFileType = sourcecode.swift; path = HomeView.swift; sourceTree = "<group>"; };
/* End PBXFileReference section */

/* Begin PBXFrameworksBuildPhase section */
		C05B61BF2810A34A00EBFDBE /* Frameworks */ = {
			isa = PBXFrameworksBuildPhase;
			buildActionMask = 2147483647;
			files = (
				C00B1F65281790E800949186 /* Applanga in Frameworks */,
				C05B61D52810A80C00EBFDBE /* CombineForms in Frameworks */,
				C00B1F5C28171E2900949186 /* Localazy in Frameworks */,
			);
			runOnlyForDeploymentPostprocessing = 0;
		};
/* End PBXFrameworksBuildPhase section */

/* Begin PBXGroup section */
		C00709072852B90C0040D083 /* Source */ = {
			isa = PBXGroup;
			children = (
				C007090B2852B9350040D083 /* Modifiers */,
				C00709082852B9150040D083 /* Extensions */,
			);
			path = Source;
			sourceTree = "<group>";
		};
		C00709082852B9150040D083 /* Extensions */ = {
			isa = PBXGroup;
			children = (
				C00709092852B9250040D083 /* View+Extensions.swift */,
				C007090E2852C7070040D083 /* UIColor+Extensions.swift */,
			);
			path = Extensions;
			sourceTree = "<group>";
		};
		C007090B2852B9350040D083 /* Modifiers */ = {
			isa = PBXGroup;
			children = (
				C007090C2852B9650040D083 /* ViewDidLoadModifier.swift */,
			);
			path = Modifiers;
			sourceTree = "<group>";
		};
		C00B20DB2852AC8F006E3DC6 /* Skeletons */ = {
			isa = PBXGroup;
			children = (
				C0BC36FB28510C190003D558 /* SkeletonView.swift */,
				C00B20DC2852ACDE006E3DC6 /* OptionsView.swift */,
				C0EEE05A2852C9BB007B0FAF /* CardDetailsView.swift */,
			);
			path = Skeletons;
			sourceTree = "<group>";
		};
		C05B61B92810A34900EBFDBE = {
			isa = PBXGroup;
			children = (
				C05B61C42810A34A00EBFDBE /* SUITestingProject */,
				C05B61C32810A34A00EBFDBE /* Products */,
			);
			sourceTree = "<group>";
		};
		C05B61C32810A34A00EBFDBE /* Products */ = {
			isa = PBXGroup;
			children = (
				C05B61C22810A34A00EBFDBE /* SUITestingProject.app */,
			);
			name = Products;
			sourceTree = "<group>";
		};
		C05B61C42810A34A00EBFDBE /* SUITestingProject */ = {
			isa = PBXGroup;
			children = (
				C00709072852B90C0040D083 /* Source */,
				C00B1F662817916A00949186 /* applanga_settings.applanga */,
				C0C417AC28122E0D00929CC4 /* UIViewRepresentables */,
				C0C417A3281206E700929CC4 /* Forms */,
				C05B61C52810A34A00EBFDBE /* SUITestingProjectApp.swift */,
				C0EEE0592852C986007B0FAF /* ViewModels */,
				C0FC19B928500A18004CF047 /* Views */,
				C05B61C92810A34E00EBFDBE /* Assets.xcassets */,
				C05B61CB2810A34E00EBFDBE /* Preview Content */,
				C0C4179F2811F48C00929CC4 /* RegistrationViewModel.swift */,
				C00B1F6A281793BE00949186 /* Localizable.strings */,
			);
			path = SUITestingProject;
			sourceTree = "<group>";
		};
		C05B61CB2810A34E00EBFDBE /* Preview Content */ = {
			isa = PBXGroup;
			children = (
				C05B61CC2810A34E00EBFDBE /* Preview Assets.xcassets */,
			);
			path = "Preview Content";
			sourceTree = "<group>";
		};
		C0C417A3281206E700929CC4 /* Forms */ = {
			isa = PBXGroup;
			children = (
				C0C417A52812070000929CC4 /* Configurations */,
				C0C417A4281206F500929CC4 /* Rules */,
			);
			path = Forms;
			sourceTree = "<group>";
		};
		C0C417A4281206F500929CC4 /* Rules */ = {
			isa = PBXGroup;
			children = (
				C0C417A12812038B00929CC4 /* MMEmailRule.swift */,
				C0C417AA2812103600929CC4 /* MMPhoneNumberRule.swift */,
			);
			path = Rules;
			sourceTree = "<group>";
		};
		C0C417A52812070000929CC4 /* Configurations */ = {
			isa = PBXGroup;
			children = (
				C0C417A62812072D00929CC4 /* MMEmailFieldConfiguration.swift */,
				C0C417A82812100600929CC4 /* MMPhoneConfiguration.swift */,
				C0A30A272813000700F7AC19 /* MMMaskedConfiguration.swift */,
			);
			path = Configurations;
			sourceTree = "<group>";
		};
		C0C417AC28122E0D00929CC4 /* UIViewRepresentables */ = {
			isa = PBXGroup;
			children = (
				C0DDB2832818C82500723827 /* Formatters */,
				C0C417AD28122E4500929CC4 /* MMMaskedTextField.swift */,
				C0C417AF281231CE00929CC4 /* MMCustomPhoneTextField.swift */,
				C0A30A292813111300F7AC19 /* MMTextField.swift */,
			);
			path = UIViewRepresentables;
			sourceTree = "<group>";
		};
		C0DDB2832818C82500723827 /* Formatters */ = {
			isa = PBXGroup;
			children = (
				C0DDB2842818C83B00723827 /* TextFormatter.swift */,
				C0DDB2862818C9E500723827 /* TextInputFormatter.swift */,
				C0DDB2882818CA4900723827 /* CaretPositionCorrector.swift */,
				C0DDB28A2818CAF300723827 /* RangeCalculator.swift */,
				C0DDB28C2818CC6100723827 /* FormattedText.swift */,
			);
			path = Formatters;
			sourceTree = "<group>";
		};
		C0EEE0592852C986007B0FAF /* ViewModels */ = {
			isa = PBXGroup;
			children = (
				C00709052852B71A0040D083 /* SkeletonViewModel.swift */,
			);
			path = ViewModels;
			sourceTree = "<group>";
		};
		C0FC19B928500A18004CF047 /* Views */ = {
			isa = PBXGroup;
			children = (
				C00B20DB2852AC8F006E3DC6 /* Skeletons */,
				C05B61C72810A34A00EBFDBE /* ContentView.swift */,
				C0FC19BC28500AE1004CF047 /* MatchedView.swift */,
				C0FC19BE28500F91004CF047 /* CourseItem.swift */,
				C0FC19C02850105A004CF047 /* DetailView.swift */,
				C0FC19C22850199A004CF047 /* HomeView.swift */,
			);
			path = Views;
			sourceTree = "<group>";
		};
/* End PBXGroup section */

/* Begin PBXNativeTarget section */
		C05B61C12810A34A00EBFDBE /* SUITestingProject */ = {
			isa = PBXNativeTarget;
			buildConfigurationList = C05B61D02810A34E00EBFDBE /* Build configuration list for PBXNativeTarget "SUITestingProject" */;
			buildPhases = (
				C05B61BE2810A34A00EBFDBE /* Sources */,
				C05B61BF2810A34A00EBFDBE /* Frameworks */,
				C05B61C02810A34A00EBFDBE /* Resources */,
			);
			buildRules = (
			);
			dependencies = (
			);
			name = SUITestingProject;
			packageProductDependencies = (
				C05B61D42810A80C00EBFDBE /* CombineForms */,
				C00B1F5B28171E2900949186 /* Localazy */,
				C00B1F64281790E800949186 /* Applanga */,
			);
			productName = SUITestingProject;
			productReference = C05B61C22810A34A00EBFDBE /* SUITestingProject.app */;
			productType = "com.apple.product-type.application";
		};
/* End PBXNativeTarget section */

/* Begin PBXProject section */
		C05B61BA2810A34900EBFDBE /* Project object */ = {
			isa = PBXProject;
			attributes = {
				BuildIndependentTargetsInParallel = 1;
				LastSwiftUpdateCheck = 1330;
				LastUpgradeCheck = 1330;
				TargetAttributes = {
					C05B61C12810A34A00EBFDBE = {
						CreatedOnToolsVersion = 13.3;
					};
				};
			};
			buildConfigurationList = C05B61BD2810A34900EBFDBE /* Build configuration list for PBXProject "SUITestingProject" */;
			compatibilityVersion = "Xcode 13.0";
			developmentRegion = en;
			hasScannedForEncodings = 0;
			knownRegions = (
				en,
				Base,
				"es-SV",
				"es-GT",
				"es-CR",
			);
			mainGroup = C05B61B92810A34900EBFDBE;
			packageReferences = (
				C05B61D32810A80C00EBFDBE /* XCRemoteSwiftPackageReference "CombineForms" */,
				C00B1F5A28171E2900949186 /* XCRemoteSwiftPackageReference "localazy-swift" */,
				C00B1F63281790E800949186 /* XCRemoteSwiftPackageReference "sdk-ios" */,
			);
			productRefGroup = C05B61C32810A34A00EBFDBE /* Products */;
			projectDirPath = "";
			projectRoot = "";
			targets = (
				C05B61C12810A34A00EBFDBE /* SUITestingProject */,
			);
		};
/* End PBXProject section */

/* Begin PBXResourcesBuildPhase section */
		C05B61C02810A34A00EBFDBE /* Resources */ = {
			isa = PBXResourcesBuildPhase;
			buildActionMask = 2147483647;
			files = (
				C00B1F672817916A00949186 /* applanga_settings.applanga in Resources */,
				C05B61CD2810A34E00EBFDBE /* Preview Assets.xcassets in Resources */,
				C00B1F68281793BE00949186 /* Localizable.strings in Resources */,
				C05B61CA2810A34E00EBFDBE /* Assets.xcassets in Resources */,
			);
			runOnlyForDeploymentPostprocessing = 0;
		};
/* End PBXResourcesBuildPhase section */

/* Begin PBXSourcesBuildPhase section */
		C05B61BE2810A34A00EBFDBE /* Sources */ = {
			isa = PBXSourcesBuildPhase;
			buildActionMask = 2147483647;
			files = (
				C05B61C82810A34A00EBFDBE /* ContentView.swift in Sources */,
				C0C417A02811F48C00929CC4 /* RegistrationViewModel.swift in Sources */,
				C0C417A72812072D00929CC4 /* MMEmailFieldConfiguration.swift in Sources */,
				C007090F2852C7070040D083 /* UIColor+Extensions.swift in Sources */,
				C0DDB28B2818CAF300723827 /* RangeCalculator.swift in Sources */,
				C0DDB2852818C83B00723827 /* TextFormatter.swift in Sources */,
				C007090D2852B9650040D083 /* ViewDidLoadModifier.swift in Sources */,
				C0EEE05B2852C9BB007B0FAF /* CardDetailsView.swift in Sources */,
				C0DDB2872818C9E500723827 /* TextInputFormatter.swift in Sources */,
				C00709062852B71A0040D083 /* SkeletonViewModel.swift in Sources */,
				C05B61C62810A34A00EBFDBE /* SUITestingProjectApp.swift in Sources */,
				C0C417A22812038B00929CC4 /* MMEmailRule.swift in Sources */,
				C0BC36FC28510C190003D558 /* SkeletonView.swift in Sources */,
				C0C417A92812100600929CC4 /* MMPhoneConfiguration.swift in Sources */,
				C0FC19BD28500AE1004CF047 /* MatchedView.swift in Sources */,
				C0DDB28D2818CC6100723827 /* FormattedText.swift in Sources */,
				C0C417AE28122E4500929CC4 /* MMMaskedTextField.swift in Sources */,
				C0A30A282813000700F7AC19 /* MMMaskedConfiguration.swift in Sources */,
				C0FC19C32850199A004CF047 /* HomeView.swift in Sources */,
				C0FC19BF28500F91004CF047 /* CourseItem.swift in Sources */,
				C0DDB2892818CA4900723827 /* CaretPositionCorrector.swift in Sources */,
				C0C417AB2812103600929CC4 /* MMPhoneNumberRule.swift in Sources */,
				C0FC19C12850105A004CF047 /* DetailView.swift in Sources */,
				C00B20DD2852ACDE006E3DC6 /* OptionsView.swift in Sources */,
				C0A30A2A2813111300F7AC19 /* MMTextField.swift in Sources */,
				C007090A2852B9250040D083 /* View+Extensions.swift in Sources */,
				C0C417B0281231CE00929CC4 /* MMCustomPhoneTextField.swift in Sources */,
			);
			runOnlyForDeploymentPostprocessing = 0;
		};
/* End PBXSourcesBuildPhase section */

/* Begin PBXVariantGroup section */
		C00B1F6A281793BE00949186 /* Localizable.strings */ = {
			isa = PBXVariantGroup;
			children = (
				C00B1F69281793BE00949186 /* en */,
				C00B1F6B2817940E00949186 /* es-SV */,
				C00B1F6C2817943F00949186 /* es-GT */,
				C00B1F6D2817945300949186 /* es-CR */,
			);
			name = Localizable.strings;
			sourceTree = "<group>";
		};
/* End PBXVariantGroup section */

/* Begin XCBuildConfiguration section */
		C05B61CE2810A34E00EBFDBE /* Debug */ = {
			isa = XCBuildConfiguration;
			buildSettings = {
				ALWAYS_SEARCH_USER_PATHS = NO;
				CLANG_ANALYZER_LOCALIZABILITY_NONLOCALIZED = YES;
				CLANG_ANALYZER_NONNULL = YES;
				CLANG_ANALYZER_NUMBER_OBJECT_CONVERSION = YES_AGGRESSIVE;
				CLANG_CXX_LANGUAGE_STANDARD = "gnu++17";
				CLANG_ENABLE_MODULES = YES;
				CLANG_ENABLE_OBJC_ARC = YES;
				CLANG_ENABLE_OBJC_WEAK = YES;
				CLANG_WARN_BLOCK_CAPTURE_AUTORELEASING = YES;
				CLANG_WARN_BOOL_CONVERSION = YES;
				CLANG_WARN_COMMA = YES;
				CLANG_WARN_CONSTANT_CONVERSION = YES;
				CLANG_WARN_DEPRECATED_OBJC_IMPLEMENTATIONS = YES;
				CLANG_WARN_DIRECT_OBJC_ISA_USAGE = YES_ERROR;
				CLANG_WARN_DOCUMENTATION_COMMENTS = YES;
				CLANG_WARN_EMPTY_BODY = YES;
				CLANG_WARN_ENUM_CONVERSION = YES;
				CLANG_WARN_INFINITE_RECURSION = YES;
				CLANG_WARN_INT_CONVERSION = YES;
				CLANG_WARN_NON_LITERAL_NULL_CONVERSION = YES;
				CLANG_WARN_OBJC_IMPLICIT_RETAIN_SELF = YES;
				CLANG_WARN_OBJC_LITERAL_CONVERSION = YES;
				CLANG_WARN_OBJC_ROOT_CLASS = YES_ERROR;
				CLANG_WARN_QUOTED_INCLUDE_IN_FRAMEWORK_HEADER = YES;
				CLANG_WARN_RANGE_LOOP_ANALYSIS = YES;
				CLANG_WARN_STRICT_PROTOTYPES = YES;
				CLANG_WARN_SUSPICIOUS_MOVE = YES;
				CLANG_WARN_UNGUARDED_AVAILABILITY = YES_AGGRESSIVE;
				CLANG_WARN_UNREACHABLE_CODE = YES;
				CLANG_WARN__DUPLICATE_METHOD_MATCH = YES;
				COPY_PHASE_STRIP = NO;
				DEBUG_INFORMATION_FORMAT = dwarf;
				ENABLE_STRICT_OBJC_MSGSEND = YES;
				ENABLE_TESTABILITY = YES;
				GCC_C_LANGUAGE_STANDARD = gnu11;
				GCC_DYNAMIC_NO_PIC = NO;
				GCC_NO_COMMON_BLOCKS = YES;
				GCC_OPTIMIZATION_LEVEL = 0;
				GCC_PREPROCESSOR_DEFINITIONS = (
					"DEBUG=1",
					"$(inherited)",
				);
				GCC_WARN_64_TO_32_BIT_CONVERSION = YES;
				GCC_WARN_ABOUT_RETURN_TYPE = YES_ERROR;
				GCC_WARN_UNDECLARED_SELECTOR = YES;
				GCC_WARN_UNINITIALIZED_AUTOS = YES_AGGRESSIVE;
				GCC_WARN_UNUSED_FUNCTION = YES;
				GCC_WARN_UNUSED_VARIABLE = YES;
				IPHONEOS_DEPLOYMENT_TARGET = 15.0;
				MTL_ENABLE_DEBUG_INFO = INCLUDE_SOURCE;
				MTL_FAST_MATH = YES;
				ONLY_ACTIVE_ARCH = YES;
				SDKROOT = iphoneos;
				SWIFT_ACTIVE_COMPILATION_CONDITIONS = DEBUG;
				SWIFT_OPTIMIZATION_LEVEL = "-Onone";
			};
			name = Debug;
		};
		C05B61CF2810A34E00EBFDBE /* Release */ = {
			isa = XCBuildConfiguration;
			buildSettings = {
				ALWAYS_SEARCH_USER_PATHS = NO;
				CLANG_ANALYZER_LOCALIZABILITY_NONLOCALIZED = YES;
				CLANG_ANALYZER_NONNULL = YES;
				CLANG_ANALYZER_NUMBER_OBJECT_CONVERSION = YES_AGGRESSIVE;
				CLANG_CXX_LANGUAGE_STANDARD = "gnu++17";
				CLANG_ENABLE_MODULES = YES;
				CLANG_ENABLE_OBJC_ARC = YES;
				CLANG_ENABLE_OBJC_WEAK = YES;
				CLANG_WARN_BLOCK_CAPTURE_AUTORELEASING = YES;
				CLANG_WARN_BOOL_CONVERSION = YES;
				CLANG_WARN_COMMA = YES;
				CLANG_WARN_CONSTANT_CONVERSION = YES;
				CLANG_WARN_DEPRECATED_OBJC_IMPLEMENTATIONS = YES;
				CLANG_WARN_DIRECT_OBJC_ISA_USAGE = YES_ERROR;
				CLANG_WARN_DOCUMENTATION_COMMENTS = YES;
				CLANG_WARN_EMPTY_BODY = YES;
				CLANG_WARN_ENUM_CONVERSION = YES;
				CLANG_WARN_INFINITE_RECURSION = YES;
				CLANG_WARN_INT_CONVERSION = YES;
				CLANG_WARN_NON_LITERAL_NULL_CONVERSION = YES;
				CLANG_WARN_OBJC_IMPLICIT_RETAIN_SELF = YES;
				CLANG_WARN_OBJC_LITERAL_CONVERSION = YES;
				CLANG_WARN_OBJC_ROOT_CLASS = YES_ERROR;
				CLANG_WARN_QUOTED_INCLUDE_IN_FRAMEWORK_HEADER = YES;
				CLANG_WARN_RANGE_LOOP_ANALYSIS = YES;
				CLANG_WARN_STRICT_PROTOTYPES = YES;
				CLANG_WARN_SUSPICIOUS_MOVE = YES;
				CLANG_WARN_UNGUARDED_AVAILABILITY = YES_AGGRESSIVE;
				CLANG_WARN_UNREACHABLE_CODE = YES;
				CLANG_WARN__DUPLICATE_METHOD_MATCH = YES;
				COPY_PHASE_STRIP = NO;
				DEBUG_INFORMATION_FORMAT = "dwarf-with-dsym";
				ENABLE_NS_ASSERTIONS = NO;
				ENABLE_STRICT_OBJC_MSGSEND = YES;
				GCC_C_LANGUAGE_STANDARD = gnu11;
				GCC_NO_COMMON_BLOCKS = YES;
				GCC_WARN_64_TO_32_BIT_CONVERSION = YES;
				GCC_WARN_ABOUT_RETURN_TYPE = YES_ERROR;
				GCC_WARN_UNDECLARED_SELECTOR = YES;
				GCC_WARN_UNINITIALIZED_AUTOS = YES_AGGRESSIVE;
				GCC_WARN_UNUSED_FUNCTION = YES;
				GCC_WARN_UNUSED_VARIABLE = YES;
				IPHONEOS_DEPLOYMENT_TARGET = 15.0;
				MTL_ENABLE_DEBUG_INFO = NO;
				MTL_FAST_MATH = YES;
				SDKROOT = iphoneos;
				SWIFT_COMPILATION_MODE = wholemodule;
				SWIFT_OPTIMIZATION_LEVEL = "-O";
				VALIDATE_PRODUCT = YES;
			};
			name = Release;
		};
		C05B61D12810A34E00EBFDBE /* Debug */ = {
			isa = XCBuildConfiguration;
			buildSettings = {
				ASSETCATALOG_COMPILER_APPICON_NAME = AppIcon;
				ASSETCATALOG_COMPILER_GLOBAL_ACCENT_COLOR_NAME = AccentColor;
				CODE_SIGN_STYLE = Automatic;
				CURRENT_PROJECT_VERSION = 1;
				DEVELOPMENT_ASSET_PATHS = "\"SUITestingProject/Preview Content\"";
				DEVELOPMENT_TEAM = 8KMBDFK3YW;
				ENABLE_PREVIEWS = YES;
				GENERATE_INFOPLIST_FILE = YES;
				INFOPLIST_KEY_UIApplicationSceneManifest_Generation = YES;
				INFOPLIST_KEY_UIApplicationSupportsIndirectInputEvents = YES;
				INFOPLIST_KEY_UILaunchScreen_Generation = YES;
				INFOPLIST_KEY_UISupportedInterfaceOrientations_iPad = "UIInterfaceOrientationPortrait UIInterfaceOrientationPortraitUpsideDown UIInterfaceOrientationLandscapeLeft UIInterfaceOrientationLandscapeRight";
				INFOPLIST_KEY_UISupportedInterfaceOrientations_iPhone = "UIInterfaceOrientationPortrait UIInterfaceOrientationLandscapeLeft UIInterfaceOrientationLandscapeRight";
				IPHONEOS_DEPLOYMENT_TARGET = 15.0;
				LD_RUNPATH_SEARCH_PATHS = (
					"$(inherited)",
					"@executable_path/Frameworks",
				);
				MARKETING_VERSION = 1.0;
				PRODUCT_BUNDLE_IDENTIFIER = rodrigorov.SUITestingProject;
				PRODUCT_NAME = "$(TARGET_NAME)";
				SWIFT_EMIT_LOC_STRINGS = YES;
				SWIFT_VERSION = 5.0;
				TARGETED_DEVICE_FAMILY = "1,2";
			};
			name = Debug;
		};
		C05B61D22810A34E00EBFDBE /* Release */ = {
			isa = XCBuildConfiguration;
			buildSettings = {
				ASSETCATALOG_COMPILER_APPICON_NAME = AppIcon;
				ASSETCATALOG_COMPILER_GLOBAL_ACCENT_COLOR_NAME = AccentColor;
				CODE_SIGN_STYLE = Automatic;
				CURRENT_PROJECT_VERSION = 1;
				DEVELOPMENT_ASSET_PATHS = "\"SUITestingProject/Preview Content\"";
				DEVELOPMENT_TEAM = 8KMBDFK3YW;
				ENABLE_PREVIEWS = YES;
				GENERATE_INFOPLIST_FILE = YES;
				INFOPLIST_KEY_UIApplicationSceneManifest_Generation = YES;
				INFOPLIST_KEY_UIApplicationSupportsIndirectInputEvents = YES;
				INFOPLIST_KEY_UILaunchScreen_Generation = YES;
				INFOPLIST_KEY_UISupportedInterfaceOrientations_iPad = "UIInterfaceOrientationPortrait UIInterfaceOrientationPortraitUpsideDown UIInterfaceOrientationLandscapeLeft UIInterfaceOrientationLandscapeRight";
				INFOPLIST_KEY_UISupportedInterfaceOrientations_iPhone = "UIInterfaceOrientationPortrait UIInterfaceOrientationLandscapeLeft UIInterfaceOrientationLandscapeRight";
				IPHONEOS_DEPLOYMENT_TARGET = 15.0;
				LD_RUNPATH_SEARCH_PATHS = (
					"$(inherited)",
					"@executable_path/Frameworks",
				);
				MARKETING_VERSION = 1.0;
				PRODUCT_BUNDLE_IDENTIFIER = rodrigorov.SUITestingProject;
				PRODUCT_NAME = "$(TARGET_NAME)";
				SWIFT_EMIT_LOC_STRINGS = YES;
				SWIFT_VERSION = 5.0;
				TARGETED_DEVICE_FAMILY = "1,2";
			};
			name = Release;
		};
/* End XCBuildConfiguration section */

/* Begin XCConfigurationList section */
		C05B61BD2810A34900EBFDBE /* Build configuration list for PBXProject "SUITestingProject" */ = {
			isa = XCConfigurationList;
			buildConfigurations = (
				C05B61CE2810A34E00EBFDBE /* Debug */,
				C05B61CF2810A34E00EBFDBE /* Release */,
			);
			defaultConfigurationIsVisible = 0;
			defaultConfigurationName = Release;
		};
		C05B61D02810A34E00EBFDBE /* Build configuration list for PBXNativeTarget "SUITestingProject" */ = {
			isa = XCConfigurationList;
			buildConfigurations = (
				C05B61D12810A34E00EBFDBE /* Debug */,
				C05B61D22810A34E00EBFDBE /* Release */,
			);
			defaultConfigurationIsVisible = 0;
			defaultConfigurationName = Release;
		};
/* End XCConfigurationList section */

/* Begin XCRemoteSwiftPackageReference section */
		C00B1F5A28171E2900949186 /* XCRemoteSwiftPackageReference "localazy-swift" */ = {
			isa = XCRemoteSwiftPackageReference;
			repositoryURL = "https://github.com/localazy/localazy-swift";
			requirement = {
				kind = upToNextMajorVersion;
				minimumVersion = 0.0.3;
			};
		};
		C00B1F63281790E800949186 /* XCRemoteSwiftPackageReference "sdk-ios" */ = {
			isa = XCRemoteSwiftPackageReference;
			repositoryURL = "https://github.com/applanga/sdk-ios";
			requirement = {
				kind = upToNextMajorVersion;
				minimumVersion = 2.0.0;
			};
		};
		C05B61D32810A80C00EBFDBE /* XCRemoteSwiftPackageReference "CombineForms" */ = {
			isa = XCRemoteSwiftPackageReference;
			repositoryURL = "https://github.com/jossehblanco/CombineForms";
			requirement = {
				branch = main;
				kind = branch;
			};
		};
/* End XCRemoteSwiftPackageReference section */

/* Begin XCSwiftPackageProductDependency section */
		C00B1F5B28171E2900949186 /* Localazy */ = {
			isa = XCSwiftPackageProductDependency;
			package = C00B1F5A28171E2900949186 /* XCRemoteSwiftPackageReference "localazy-swift" */;
			productName = Localazy;
		};
		C00B1F64281790E800949186 /* Applanga */ = {
			isa = XCSwiftPackageProductDependency;
			package = C00B1F63281790E800949186 /* XCRemoteSwiftPackageReference "sdk-ios" */;
			productName = Applanga;
		};
		C05B61D42810A80C00EBFDBE /* CombineForms */ = {
			isa = XCSwiftPackageProductDependency;
			package = C05B61D32810A80C00EBFDBE /* XCRemoteSwiftPackageReference "CombineForms" */;
			productName = CombineForms;
		};
/* End XCSwiftPackageProductDependency section */
	};
	rootObject = C05B61BA2810A34900EBFDBE /* Project object */;
}
